# THIS IS AN AUTOGENERATED FILE. DO NOT EDIT THIS FILE DIRECTLY.
# yarn lockfile v1


"@esy-ocaml/esy-installer@^0.0.0":
  version "0.0.0"
  resolved "https://registry.yarnpkg.com/@esy-ocaml/esy-installer/-/esy-installer-0.0.0.tgz#6b0e2bd4ee43531ac74793fe55cfcc3aca197a66"

"@esy-ocaml/substs@^0.0.1":
  version "0.0.1"
  resolved "https://registry.yarnpkg.com/@esy-ocaml/substs/-/substs-0.0.1.tgz#59ebdbbaedcda123fc7ed8fb2b302b7d819e9a46"

"@opam/base-bytes@*":
  version "0.0.0-base"
  uid "37bad65340266f11042015c547ba5e6d"
  resolved "@opam/base-bytes@0.0.0-base-37bad65340266f11042015c547ba5e6d.tgz"
  dependencies:
    "@esy-ocaml/esy-installer" "^0.0.0"
    "@esy-ocaml/substs" "^0.0.1"
    "@opam/ocamlfind" " >= 1.5.3"
  peerDependencies:
    ocaml " >= 4.2.0"

"@opam/base-threads@*":
  version "0.0.0-base"
  uid a7ce3f76c3b5fe9d0df9dd38c2d64031
  resolved "@opam/base-threads@0.0.0-base-a7ce3f76c3b5fe9d0df9dd38c2d64031.tgz"
  dependencies:
    "@esy-ocaml/esy-installer" "^0.0.0"
    "@esy-ocaml/substs" "^0.0.1"
  peerDependencies:
    ocaml "*"

"@opam/base-unix@*":
  version "0.0.0-base"
  uid "84e6c26a21293ff43f9cb18c662a9a2a"
  resolved "@opam/base-unix@0.0.0-base-84e6c26a21293ff43f9cb18c662a9a2a.tgz"
  dependencies:
    "@esy-ocaml/esy-installer" "^0.0.0"
    "@esy-ocaml/substs" "^0.0.1"
  peerDependencies:
    ocaml "*"

"@opam/biniou@ >= 1.2.0":
  version "1.2.0"
  uid "40f831da18b214c73490135ded1cf3f5"
  resolved "@opam/biniou@1.2.0-40f831da18b214c73490135ded1cf3f5.tgz"
  dependencies:
    "@esy-ocaml/esy-installer" "^0.0.0"
    "@esy-ocaml/substs" "^0.0.1"
    "@opam/conf-which" "*"
    "@opam/easy-format" "*"
    "@opam/jbuilder" "*"
  peerDependencies:
    ocaml " >= 4.2.3"

"@opam/camlp4@*":
  version "4.2.0-7"
  uid d53806e26bd846f370dfcf737059c135
  resolved "@opam/camlp4@4.2.0-7-d53806e26bd846f370dfcf737059c135.tgz"
  dependencies:
    "@esy-ocaml/esy-installer" "^0.0.0"
    "@esy-ocaml/substs" "^0.0.1"
    "@opam/conf-which" "*"
    "@opam/ocamlbuild" "*"
  peerDependencies:
    ocaml " >= 4.2.0  < 4.3.0"

"@opam/camomile@ >= 0.8.0", "@opam/camomile@*":
  version "0.8.7"
  uid d84865371c9bfeb3a09c65c44b1c4d34
  resolved "@opam/camomile@0.8.7-d84865371c9bfeb3a09c65c44b1c4d34.tgz"
  dependencies:
    "@esy-ocaml/esy-installer" "^0.0.0"
    "@esy-ocaml/substs" "^0.0.1"
    "@opam/base-bytes" "*"
    "@opam/camlp4" "*"
    "@opam/cppo" "*"
    "@opam/jbuilder" " >= 1.0.0-beta7"
  peerDependencies:
    ocaml " >= 4.2.3"

"@opam/conf-m4@*":
  version "1.0.0"
  uid a85e882de52f5977052e9a57209b49b2
  resolved "@opam/conf-m4@1.0.0-a85e882de52f5977052e9a57209b49b2.tgz"
  dependencies:
    "@esy-ocaml/esy-installer" "^0.0.0"
    "@esy-ocaml/substs" "^0.0.1"
  peerDependencies:
    ocaml "*"

"@opam/conf-which@*":
  version "1.0.0"
  uid c55f997c34acab4891be1ecc8a30269a
  resolved "@opam/conf-which@1.0.0-c55f997c34acab4891be1ecc8a30269a.tgz"
  dependencies:
    "@esy-ocaml/esy-installer" "^0.0.0"
    "@esy-ocaml/substs" "^0.0.1"
  peerDependencies:
    ocaml "*"

"@opam/cppo@ >= 1.1.0", "@opam/cppo@ >= 1.1.2", "@opam/cppo@*":
  version "1.6.0"
  uid "91cb34e38dc34b0c630d1917f216a522"
  resolved "@opam/cppo@1.6.0-91cb34e38dc34b0c630d1917f216a522.tgz"
  dependencies:
    "@esy-ocaml/esy-installer" "^0.0.0"
    "@esy-ocaml/substs" "^0.0.1"
    "@opam/base-bytes" "*"
    "@opam/base-unix" "*"
    "@opam/jbuilder" " >= 1.0.0-beta10"
  peerDependencies:
    ocaml "*"

"@opam/easy-format@*":
  version "1.3.0"
  uid "63ae81075312f09fa6fb1b0263d59a65"
  resolved "@opam/easy-format@1.3.0-63ae81075312f09fa6fb1b0263d59a65.tgz"
  dependencies:
    "@esy-ocaml/esy-installer" "^0.0.0"
    "@esy-ocaml/substs" "^0.0.1"
    "@opam/jbuilder" "*"
  peerDependencies:
    ocaml " >= 4.2.3"

"@opam/jbuilder@ >= 1.0.0-beta10", "@opam/jbuilder@ >= 1.0.0-beta7", "@opam/jbuilder@ >= 1.0.0-beta9", "@opam/jbuilder@*":
  version "1.0.0-beta16"
  uid "259d0e71cf22fae9b58930c710c2dc12"
  resolved "@opam/jbuilder@1.0.0-beta16-259d0e71cf22fae9b58930c710c2dc12.tgz"
  dependencies:
    "@esy-ocaml/esy-installer" "^0.0.0"
    "@esy-ocaml/substs" "^0.0.1"
    "@opam/ocamlfind" "*"
  peerDependencies:
    ocaml " >= 4.2.3"

"@opam/lambda-term@ >= 1.2.0":
  version "1.12.0"
  uid "92c8aad4b78ca2e08b05b49396abf1e1"
  resolved "@opam/lambda-term@1.12.0-92c8aad4b78ca2e08b05b49396abf1e1.tgz"
  dependencies:
    "@esy-ocaml/esy-installer" "^0.0.0"
    "@esy-ocaml/substs" "^0.0.1"
    "@opam/camomile" "*"
    "@opam/jbuilder" " >= 1.0.0-beta9"
    "@opam/lwt" " >= 2.7.0"
    "@opam/lwt_react" "*"
    "@opam/react" "*"
    "@opam/zed" " >= 1.2.0"
  peerDependencies:
    ocaml " >= 4.2.3"

"@opam/lwt@ >= 2.7.0", "@opam/lwt@ >= 3.0.0", "@opam/lwt@*":
  version "3.1.0"
  uid aee39bd16068aea88767c7adf69cd1a5
  resolved "@opam/lwt@3.1.0-aee39bd16068aea88767c7adf69cd1a5.tgz"
  dependencies:
    "@esy-ocaml/esy-installer" "^0.0.0"
    "@esy-ocaml/substs" "^0.0.1"
    "@opam/base-threads" "*"
    "@opam/base-unix" "*"
    "@opam/camlp4" "*"
    "@opam/cppo" " >= 1.1.0"
    "@opam/jbuilder" " >= 1.0.0-beta10"
    "@opam/ocaml-migrate-parsetree" "*"
    "@opam/ocamlfind" " >= 1.5.0"
    "@opam/ppx_tools_versioned" "*"
    "@opam/result" "*"
  peerDependencies:
    ocaml " >= 4.2.0"

"@opam/lwt_react@*":
  version "1.1.0"
  uid a7ee7677aef1b52e9485af2c3f74b9b9
  resolved "@opam/lwt_react@1.1.0-a7ee7677aef1b52e9485af2c3f74b9b9.tgz"
  dependencies:
    "@esy-ocaml/esy-installer" "^0.0.0"
    "@esy-ocaml/substs" "^0.0.1"
    "@opam/jbuilder" " >= 1.0.0-beta10"
    "@opam/lwt" " >= 3.0.0"
    "@opam/react" " >= 1.0.0"
  peerDependencies:
    ocaml "*"

"@opam/menhir@ >= 20170418.0.0  <= 20171013.0.0":
  version "20171013.0.0"
  uid "5712b6580d0ab8d7b8d67d0a538fb2cb"
  resolved "@opam/menhir@20171013.0.0-5712b6580d0ab8d7b8d67d0a538fb2cb.tgz"
  dependencies:
    "@esy-ocaml/esy-installer" "^0.0.0"
    "@esy-ocaml/substs" "^0.0.1"
    "@opam/ocamlbuild" "*"
    "@opam/ocamlfind" "*"
  peerDependencies:
    ocaml " >= 4.2.0"

"@opam/merlin-extend@ >= 0.3.0":
  version "0.3.0"
  uid "80c39930df7a3fee2e1b36c762d50ec1"
  resolved "@opam/merlin-extend@0.3.0-80c39930df7a3fee2e1b36c762d50ec1.tgz"
  dependencies:
    "@esy-ocaml/esy-installer" "^0.0.0"
    "@esy-ocaml/substs" "^0.0.1"
    "@opam/cppo" "*"
    "@opam/ocamlfind" "*"
  peerDependencies:
    ocaml " >= 4.2.3"

"@opam/merlin@2.5.4":
  version "2.5.4"
  uid "12ad852acf4c42f710c19a298dc42880"
  resolved "@opam/merlin@2.5.4-12ad852acf4c42f710c19a298dc42880.tgz"
  dependencies:
    "@esy-ocaml/esy-installer" "^0.0.0"
    "@esy-ocaml/substs" "^0.0.1"
    "@opam/ocamlfind" " >= 1.5.2"
    "@opam/yojson" "*"
  peerDependencies:
    ocaml " >= 4.2.1  < 4.5.0"

"@opam/ocaml-migrate-parsetree@ >= 0.7.0", "@opam/ocaml-migrate-parsetree@*":
  version "1.0.7"
  uid "64f682d8ea86a556c9cb89f60885dd5d"
  resolved "@opam/ocaml-migrate-parsetree@1.0.7-64f682d8ea86a556c9cb89f60885dd5d.tgz"
  dependencies:
    "@esy-ocaml/esy-installer" "^0.0.0"
    "@esy-ocaml/substs" "^0.0.1"
    "@opam/jbuilder" " >= 1.0.0-beta10"
    "@opam/ocamlfind" "*"
    "@opam/result" "*"
  peerDependencies:
    ocaml " >= 4.2.0"

"@opam/ocamlbuild@*":
  version "0.11.0"
  uid b72309c383acb89aeac83e886afb586f
  resolved "@opam/ocamlbuild@0.11.0-b72309c383acb89aeac83e886afb586f.tgz"
  dependencies:
    "@esy-ocaml/esy-installer" "^0.0.0"
    "@esy-ocaml/substs" "^0.0.1"
  peerDependencies:
    ocaml "<4.3.0"

"@opam/ocamlfind@", "@opam/ocamlfind@ >= 1.5.0", "@opam/ocamlfind@ >= 1.5.2", "@opam/ocamlfind@ >= 1.5.3", "@opam/ocamlfind@ >= 1.6.1", "@opam/ocamlfind@ >= 1.7.2", "@opam/ocamlfind@*":
  version "1.7.3"
  uid ac43b0ae7c18e661028f1f1bf54e6bec
  resolved "@opam/ocamlfind@1.7.3-ac43b0ae7c18e661028f1f1bf54e6bec.tgz"
  dependencies:
    "@esy-ocaml/esy-installer" "^0.0.0"
    "@esy-ocaml/substs" "^0.0.1"
    "@opam/conf-m4" "*"
  peerDependencies:
    ocaml " >= 3.12.0"

"@opam/ppx_tools_versioned@*":
  version "5.0.1"
  uid "53c4da7071d211788ba47969a4cd3c3b"
  resolved "@opam/ppx_tools_versioned@5.0.1-53c4da7071d211788ba47969a4cd3c3b.tgz"
  dependencies:
    "@esy-ocaml/esy-installer" "^0.0.0"
    "@esy-ocaml/substs" "^0.0.1"
    "@opam/ocaml-migrate-parsetree" " >= 0.7.0"
    "@opam/ocamlfind" " >= 1.5.0"
  peerDependencies:
    ocaml " >= 4.2.0"

"@opam/react@ >= 1.0.0", "@opam/react@*":
  version "1.2.1"
  uid "5cd848b0af9065d8edc82dc742f58e38"
  resolved "@opam/react@1.2.1-5cd848b0af9065d8edc82dc742f58e38.tgz"
  dependencies:
    "@esy-ocaml/esy-installer" "^0.0.0"
    "@esy-ocaml/substs" "^0.0.1"
    "@opam/ocamlbuild" "*"
    "@opam/ocamlfind" "*"
    "@opam/topkg" " >= 0.9.0"
  peerDependencies:
    ocaml " >= 4.1.0"

"@opam/result@*", "@opam/result@=1.2.0":
  version "1.2.0"
  uid "59befc554ab518c99aad4036cc2feeee"
  resolved "@opam/result@1.2.0-59befc554ab518c99aad4036cc2feeee.tgz"
  dependencies:
    "@esy-ocaml/esy-installer" "^0.0.0"
    "@esy-ocaml/substs" "^0.0.1"
  peerDependencies:
    ocaml "*"

"@opam/topkg@ >= 0.9.0":
  version "0.9.1"
  uid "0438f8f20a5cb34f6d6cfba4a732784a"
  resolved "@opam/topkg@0.9.1-0438f8f20a5cb34f6d6cfba4a732784a.tgz"
  dependencies:
    "@esy-ocaml/esy-installer" "^0.0.0"
    "@esy-ocaml/substs" "^0.0.1"
    "@opam/ocamlbuild" "*"
    "@opam/ocamlfind" " >= 1.6.1"
    "@opam/result" "*"
  peerDependencies:
    ocaml " >= 4.1.0"

"@opam/utop@ >= 1.17.0":
  version "2.0.2"
  uid "0a1bc5f4b4c91a3eaaf0d73de59d6500"
  resolved "@opam/utop@2.0.2-0a1bc5f4b4c91a3eaaf0d73de59d6500.tgz"
  dependencies:
    "@esy-ocaml/esy-installer" "^0.0.0"
    "@esy-ocaml/substs" "^0.0.1"
    "@opam/base-threads" "*"
    "@opam/base-unix" "*"
    "@opam/camomile" "*"
    "@opam/cppo" " >= 1.1.2"
    "@opam/jbuilder" " >= 1.0.0-beta9"
    "@opam/lambda-term" " >= 1.2.0"
    "@opam/lwt" "*"
    "@opam/lwt_react" "*"
    "@opam/ocamlfind" " >= 1.7.2"
    "@opam/react" " >= 1.0.0"
  peerDependencies:
    ocaml " >= 4.2.3"

"@opam/yojson@*":
  version "1.4.0"
  uid e49df77652d930bc4edcde4ed5549350
  resolved "@opam/yojson@1.4.0-e49df77652d930bc4edcde4ed5549350.tgz"
  dependencies:
    "@esy-ocaml/esy-installer" "^0.0.0"
    "@esy-ocaml/substs" "^0.0.1"
    "@opam/biniou" " >= 1.2.0"
    "@opam/cppo" "*"
    "@opam/easy-format" "*"
    "@opam/jbuilder" "*"
  peerDependencies:
    ocaml " >= 4.2.3"

"@opam/zed@ >= 1.2.0":
  version "1.6.0"
  uid bf8d658089207754e24f5165aee97d68
  resolved "@opam/zed@1.6.0-bf8d658089207754e24f5165aee97d68.tgz"
  dependencies:
    "@esy-ocaml/esy-installer" "^0.0.0"
    "@esy-ocaml/substs" "^0.0.1"
    "@opam/base-bytes" "*"
    "@opam/camomile" " >= 0.8.0"
    "@opam/jbuilder" " >= 1.0.0-beta9"
    "@opam/react" "*"
  peerDependencies:
    ocaml " >= 4.2.3"

ocaml@~4.2.3000:
  version "4.2.3001"
  resolved "https://registry.yarnpkg.com/ocaml/-/ocaml-4.2.3001.tgz#4bb250b8a842fb357acb2ebf1a13a0c3fa753dd6"
