{
  "nodes": {
    "nixpkgs": {
      "inputs": {
        "nixpkgs": "nixpkgs_2"
      },
      "locked": {
        "lastModified": 1750024818,
        "narHash": "sha256-VQm07EEDCsb/e7B3Pn1HaqqEEwzlRdaP1QoQGzs5YqQ=",
        "owner": "nix-ocaml",
        "repo": "nix-overlays",
        "rev": "ed97fe90a3328860f3584bf5ccdbbe4ee5378068",
        "type": "github"
      },
      "original": {
        "owner": "nix-ocaml",
        "repo": "nix-overlays",
        "type": "github"
      }
    },
    "nixpkgs_2": {
      "locked": {
        "lastModified": 1749984698,
        "narHash": "sha256-y6frNvpXfbFWfzcCXs1WTRb0ynRbov0sWT9XJPBe+gQ=",
        "owner": "NixOS",
        "repo": "nixpkgs",
        "rev": "68eb4789b2a9881bcaad2f88fb3771bc7c7f24fa",
        "type": "github"
      },
      "original": {
        "owner": "NixOS",
        "repo": "nixpkgs",
        "rev": "68eb4789b2a9881bcaad2f88fb3771bc7c7f24fa",
        "type": "github"
      }
    },
    "root": {
      "inputs": {
        "nixpkgs": "nixpkgs"
      }
    }
  },
  "root": "root",
  "version": 7
}
