{
  "nodes": {
    "nixpkgs": {
      "inputs": {
        "nixpkgs": "nixpkgs_2"
      },
      "locked": {
        "lastModified": 1740284203,
        "narHash": "sha256-zRE+r8oICuoFv/D3sUnqZvU6t8XI1vcRA6McjNEq7Hk=",
        "owner": "nix-ocaml",
        "repo": "nix-overlays",
        "rev": "6b1df9316280be7c371d367f4a8789e753c44612",
        "type": "github"
      },
      "original": {
        "owner": "nix-ocaml",
        "repo": "nix-overlays",
        "type": "github"
      }
    },
    "nixpkgs_2": {
      "locked": {
        "lastModified": 1740258057,
        "narHash": "sha256-0Tmbige66gXMWEUEN3Fstcy4mhOkT1sjrO9T39ejcL0=",
        "owner": "NixOS",
        "repo": "nixpkgs",
        "rev": "e7e1c30ce303c635781d6d1d673d61e35b8dc0a0",
        "type": "github"
      },
      "original": {
        "owner": "NixOS",
        "repo": "nixpkgs",
        "rev": "e7e1c30ce303c635781d6d1d673d61e35b8dc0a0",
        "type": "github"
      }
    },
    "root": {
      "inputs": {
        "nixpkgs": "nixpkgs"
      }
    }
  },
  "root": "root",
  "version": 7
}
