{
  "nodes": {
    "nixpkgs": {
      "inputs": {
        "nixpkgs": "nixpkgs_2"
      },
      "locked": {
        "lastModified": 1739164772,
        "narHash": "sha256-DlcAsid/PovJMRc2kHQK3jr/pwXDl5AHf9KW4juYJwA=",
        "owner": "nix-ocaml",
        "repo": "nix-overlays",
        "rev": "e8ab9d047597fd471920f9f5f421e01ce8c0b0f0",
        "type": "github"
      },
      "original": {
        "owner": "nix-ocaml",
        "repo": "nix-overlays",
        "type": "github"
      }
    },
    "nixpkgs_2": {
      "locked": {
        "lastModified": 1739097848,
        "narHash": "sha256-bbdQB0Y4mB2msqbyQ9QC+YPDZGt1evUK53AwQSyShHM=",
        "owner": "NixOS",
        "repo": "nixpkgs",
        "rev": "9a0b855695c31ea653181b742c65e026bada3881",
        "type": "github"
      },
      "original": {
        "owner": "NixOS",
        "repo": "nixpkgs",
        "rev": "9a0b855695c31ea653181b742c65e026bada3881",
        "type": "github"
      }
    },
    "root": {
      "inputs": {
        "nixpkgs": "nixpkgs"
      }
    }
  },
  "root": "root",
  "version": 7
}
