{
	"name": "reason",
	"version": "3.6.2",
	"lockfileVersion": 2,
	"requires": true,
	"packages": {
		"": {
			"version": "3.6.2",
			"license": "MIT",
			"dependencies": {
				"esy": "^0.6.12"
			}
		},
		"node_modules/esy": {
			"version": "0.6.12",
			"resolved": "https://registry.npmjs.org/esy/-/esy-0.6.12.tgz",
			"integrity": "sha512-EJAbVSOA+KRAK86ZY3tSZUpbh9cYaUxIITycXFJp9yuH+XAuLrCSdTJsH+wvQniRrzAgUBJ6B2vYC2hFB09lTQ==",
			"hasInstallScript": true,
			"bin": {
				"esy": "bin/esy"
			}
		}
	},
	"dependencies": {
		"esy": {
			"version": "0.6.12",
			"resolved": "https://registry.npmjs.org/esy/-/esy-0.6.12.tgz",
			"integrity": "sha512-EJAbVSOA+KRAK86ZY3tSZUpbh9cYaUxIITycXFJp9yuH+XAuLrCSdTJsH+wvQniRrzAgUBJ6B2vYC2hFB09lTQ=="
		}
	}
}
