# THIS IS AN AUTOGENERATED FILE. DO NOT EDIT THIS FILE DIRECTLY.
# yarn lockfile v1


"@opam-alpha/conf-m4@*":
  version "4.1.0"
  resolved "https://registry.yarnpkg.com/@opam-alpha/conf-m4/-/conf-m4-4.1.0.tgz#91500bb3c9c9ca790731671035a5beb0664e0ce8"
  dependencies:
    conf-m4-actual "git://github.com/npm-opam/conf-m4.git#4.1.0"

"@opam-alpha/cppo@*":
  version "1.4.1"
  resolved "https://registry.yarnpkg.com/@opam-alpha/cppo/-/cppo-1.4.1.tgz#9f06bdedf148e6db8d16ec4043734593d0e8ee65"
  dependencies:
    cppo-actual "git://github.com/npm-opam/cppo.git#1.4.1"

"@opam-alpha/menhir@>= 20160303.0.0":
  version "20160825.0.0"
  resolved "https://registry.yarnpkg.com/@opam-alpha/menhir/-/menhir-20160825.0.0.tgz#45f638756944bdcf97b95416ccb226b0739d0206"
  dependencies:
    menhir-actual "git://github.com/npm-opam/menhir.git#20160825.0.0"

"@opam-alpha/merlin-extend@^ 0.3.0":
  version "0.3.0"
  resolved "https://registry.yarnpkg.com/@opam-alpha/merlin-extend/-/merlin-extend-0.3.0.tgz#aceb5adda46a6190a6388bc95744947956524aed"
  dependencies:
    merlin-extend-actual "git://github.com/npm-opam/merlin-extend.git#0.3.0"

"@opam-alpha/ocaml@4.2.3":
  version "4.2.3"
  resolved "https://registry.yarnpkg.com/@opam-alpha/ocaml/-/ocaml-4.2.3.tgz#44c6e23fbb716196d4a6121f7751e09c0ad34018"
  dependencies:
    ocaml "git+https://github.com/npm-opam/ocaml.git#npm-4.02.3"

"@opam-alpha/ocamlbuild@*":
  version "0.9.2"
  resolved "https://registry.yarnpkg.com/@opam-alpha/ocamlbuild/-/ocamlbuild-0.9.2.tgz#b5d67c1e7bd3be9091333694f045d7725b77851f"

"@opam-alpha/ocamlfind@*":
  version "1.6.2"
  resolved "https://registry.yarnpkg.com/@opam-alpha/ocamlfind/-/ocamlfind-1.6.2.tgz#4fb4c7f3b0b039b786aeaf7efc460c420e90055d"
  dependencies:
    ocamlfind-actual "git+https://github.com/npm-opam/ocamlfind.git#1.6.2"

"camomile-bin@https://github.com/reasonml/camomile-bin":
  version "0.8.5"
  resolved "https://github.com/reasonml/camomile-bin#08f5d6115b76d46897af47b9ee8e70a55973b40f"
  dependencies:
    "@opam-alpha/ocamlfind" "*"
    dependency-env "*"
    nopam "*"

"conf-m4-actual@git://github.com/npm-opam/conf-m4.git#4.1.0":
  version "4.1.0"
  resolved "git://github.com/npm-opam/conf-m4.git#75e353ae7ae97a988319ddb0e97ecfa25bce4739"
  dependencies:
    dependency-env "*"
    nopam "*"
    opam-installer-bin "https://github.com/yunxing/opam-installer-bin.git"
    substs "https://github.com/yunxing/substs.git"

"cppo-actual@git://github.com/npm-opam/cppo.git#1.4.1":
  version "1.4.1"
  resolved "git://github.com/npm-opam/cppo.git#f93baf17d8099c5866df939264ddddb6457aa7d2"
  dependencies:
    "@opam-alpha/ocamlbuild" "*"
    "@opam-alpha/ocamlfind" "*"
    dependency-env "*"
    nopam "*"
    opam-installer-bin "https://github.com/yunxing/opam-installer-bin.git"
    substs "https://github.com/yunxing/substs.git"

dependency-env@*:
  version "0.1.1"
  resolved "https://registry.yarnpkg.com/dependency-env/-/dependency-env-0.1.1.tgz#ee95e51dba64f82a4f8d368c6591524f054b91b5"
  dependencies:
    resolve "^1.1.7"

"dependency-env@https://github.com/npm-ml/dependency-env.git":
  version "0.1.1"
  resolved "https://github.com/npm-ml/dependency-env.git#94c75aff3a71587afb570d89bcf2eef7996bb67f"
  dependencies:
    resolve "^1.1.7"

"lambda-term-bin@https://github.com/reasonml/lambda-term-bin":
  version "1.10.0"
  resolved "https://github.com/reasonml/lambda-term-bin#72137b68f22af1fd2d1e52afbb02ff45b494908a"
  dependencies:
    "@opam-alpha/ocamlfind" "*"
    dependency-env "*"
    lwt-bin "https://github.com/reasonml/lwt-bin"
    nopam "*"
    react-bin "https://github.com/reasonml/react-bin"
    zed-bin "https://github.com/reasonml/zed-bin"

"lwt-bin@https://github.com/reasonml/lwt-bin":
  version "2.5.2"
  resolved "https://github.com/reasonml/lwt-bin#96859b56091d3b46d3c36e80522a137bb768fee5"
  dependencies:
    "@opam-alpha/ocamlfind" "*"
    dependency-env "*"
    nopam "*"
    react-bin "https://github.com/reasonml/react-bin"

"menhir-actual@git://github.com/npm-opam/menhir.git#20160825.0.0":
  version "20160825.0.0"
  resolved "git://github.com/npm-opam/menhir.git#8d6905e8eeb4bedcec501a14fdc7a7d950f85874"
  dependencies:
    "@opam-alpha/ocamlbuild" "*"
    "@opam-alpha/ocamlfind" "*"
    dependency-env "*"
    nopam "*"
    opam-installer-bin "https://github.com/yunxing/opam-installer-bin.git"
    substs "https://github.com/yunxing/substs.git"

"merlin-extend-actual@git://github.com/npm-opam/merlin-extend.git#0.3.0":
  version "0.3.0"
  resolved "git://github.com/npm-opam/merlin-extend.git#8d01d124db27f46a27e04f25d0e1c54bab0d0f48"
  dependencies:
    "@opam-alpha/cppo" "*"
    "@opam-alpha/ocamlfind" "*"
    dependency-env "*"
    nopam "*"
    opam-installer-bin "https://github.com/yunxing/opam-installer-bin.git"
    substs "https://github.com/yunxing/substs.git"

nopam@*:
  version "0.1.0"
  resolved "https://registry.yarnpkg.com/nopam/-/nopam-0.1.0.tgz#a727efd0a80ec3ec93acb7aa3a7ac8990ec8759e"

"nopam@https://github.com/yunxing/nopam.git":
  version "0.1.0"
  resolved "https://github.com/yunxing/nopam.git#7cd19f068ac9aaf75010cd6961f7c65c779a1d4a"

"ocaml@git+https://github.com/npm-opam/ocaml.git#npm-4.02.3":
  version "4.2.3"
  resolved "git+https://github.com/npm-opam/ocaml.git#0bb98be8e5233a02282ed8de0c8965677ddbde33"

"ocamlfind-actual@git+https://github.com/npm-opam/ocamlfind.git#1.6.2":
  version "1.6.2"
  resolved "git+https://github.com/npm-opam/ocamlfind.git#f6ea48c7628210d477ead863d32feba2357b9afe"
  dependencies:
    "@opam-alpha/conf-m4" "*"
    "@opam-alpha/ocaml" "4.2.3"
    dependency-env "*"
    nopam "*"

"opam-installer-bin@https://github.com/yunxing/opam-installer-bin.git":
  version "0.0.0"
  resolved "https://github.com/yunxing/opam-installer-bin.git#689ede681217f76fb2f82a9f4528e192a5b543ba"
  dependencies:
    dependency-env "https://github.com/npm-ml/dependency-env.git"
    nopam "https://github.com/yunxing/nopam.git"

"react-bin@https://github.com/reasonml/react-bin":
  version "1.2.2"
  resolved "https://github.com/reasonml/react-bin#b9868712a9e76af9de52e726912bdd99f9a66e87"
  dependencies:
    "@opam-alpha/ocamlfind" "*"
    dependency-env "*"
    nopam "*"

resolve@^1.1.7:
  version "1.2.0"
  resolved "https://registry.yarnpkg.com/resolve/-/resolve-1.2.0.tgz#9589c3f2f6149d1417a40becc1663db6ec6bc26c"

"substs@https://github.com/yunxing/substs.git":
  version "0.0.1"
  resolved "https://github.com/yunxing/substs.git#d173c906e696d96a59fbbedce6a62de581763e96"

"utop-bin@https://github.com/reasonml/utop-bin":
  version "1.19.2"
  resolved "https://github.com/reasonml/utop-bin#5e9e322c1f264c0d9e8abb9f85e5472de1c8147d"
  dependencies:
    "@opam-alpha/ocamlfind" "*"
    camomile-bin "https://github.com/reasonml/camomile-bin"
    dependency-env "*"
    lambda-term-bin "https://github.com/reasonml/lambda-term-bin"
    lwt-bin "https://github.com/reasonml/lwt-bin"
    nopam "*"
    react-bin "https://github.com/reasonml/react-bin"

"zed-bin@https://github.com/reasonml/zed-bin":
  version "1.4.0"
  resolved "https://github.com/reasonml/zed-bin#7d2f0677a4a73c1b51ecbf05589e1f7b5bd76705"
  dependencies:
    "@opam-alpha/ocamlfind" "*"
    camomile-bin "https://github.com/reasonml/camomile-bin"
    dependency-env "*"
    nopam "*"
    react-bin "https://github.com/reasonml/react-bin"
