# THIS IS AN AUTOGENERATED FILE. DO NOT EDIT THIS FILE DIRECTLY.
# yarn lockfile v1


"@esy-ocaml/esy-installer@^0.0.0":
  version "0.0.0"
  resolved "https://registry.yarnpkg.com/@esy-ocaml/esy-installer/-/esy-installer-0.0.0.tgz#6b0e2bd4ee43531ac74793fe55cfcc3aca197a66"

"@esy-ocaml/substs@^0.0.1":
  version "0.0.1"
  resolved "https://registry.yarnpkg.com/@esy-ocaml/substs/-/substs-0.0.1.tgz#59ebdbbaedcda123fc7ed8fb2b302b7d819e9a46"

"@opam/base-bytes@*":
  version "0.0.0-base"
  uid bacd2a20f40952db4c545687d27548ab
  resolved "@opam/base-bytes@0.0.0-base-bacd2a20f40952db4c545687d27548ab.tgz"
  dependencies:
    "@esy-ocaml/esy-installer" "^0.0.0"
    "@esy-ocaml/substs" "^0.0.1"
    "@opam/ocamlfind" " >= 1.5.3"
  peerDependencies:
    ocaml " >= 4.2.0"

"@opam/base-unix@*":
  version "0.0.0-base"
  uid "04bc004c59f2edca849d38ea6891bb7f"
  resolved "@opam/base-unix@0.0.0-base-04bc004c59f2edca849d38ea6891bb7f.tgz"
  dependencies:
    "@esy-ocaml/esy-installer" "^0.0.0"
    "@esy-ocaml/substs" "^0.0.1"
  peerDependencies:
    ocaml "*"

"@opam/biniou@ >= 1.2.0":
  version "1.2.0"
  uid af4880e80be63bbb3043fb7184882eb8
  resolved "@opam/biniou@1.2.0-af4880e80be63bbb3043fb7184882eb8.tgz"
  dependencies:
    "@esy-ocaml/esy-installer" "^0.0.0"
    "@esy-ocaml/substs" "^0.0.1"
    "@opam/conf-which" "*"
    "@opam/easy-format" "*"
    "@opam/jbuilder" " >= 1.0.0-beta7"
  peerDependencies:
    ocaml " >= 4.2.3000"

"@opam/cmdliner@*":
  version "1.0.2"
  uid "4b1c61475a9d1d2451b622ad0f3e58d2"
  resolved "@opam/cmdliner@1.0.2-4b1c61475a9d1d2451b622ad0f3e58d2.tgz"
  dependencies:
    "@esy-ocaml/esy-installer" "^0.0.0"
    "@esy-ocaml/substs" "^0.0.1"
    "@opam/ocamlbuild" "*"
    "@opam/ocamlfind" "*"
    "@opam/result" "*"
    "@opam/topkg" "*"
  peerDependencies:
    ocaml " >= 4.1.0"

"@opam/conf-m4@*":
  version "1.0.0"
  uid "97f0966b2e2652d02c0d9125781c31df"
  resolved "@opam/conf-m4@1.0.0-97f0966b2e2652d02c0d9125781c31df.tgz"
  dependencies:
    "@esy-ocaml/esy-installer" "^0.0.0"
    "@esy-ocaml/substs" "^0.0.1"
  peerDependencies:
    ocaml "*"

"@opam/conf-which@*":
  version "1.0.0"
  uid b7770c8a3ebbb7f8a80c925753375bb8
  resolved "@opam/conf-which@1.0.0-b7770c8a3ebbb7f8a80c925753375bb8.tgz"
  dependencies:
    "@esy-ocaml/esy-installer" "^0.0.0"
    "@esy-ocaml/substs" "^0.0.1"
  peerDependencies:
    ocaml "*"

"@opam/cppo@ >= 1.1.0", "@opam/cppo@*":
  version "1.6.4"
  uid a4765150793fe5fb929b45e8ff1006d4
  resolved "@opam/cppo@1.6.4-a4765150793fe5fb929b45e8ff1006d4.tgz"
  dependencies:
    "@esy-ocaml/esy-installer" "^0.0.0"
    "@esy-ocaml/substs" "^0.0.1"
    "@opam/base-bytes" "*"
    "@opam/base-unix" "*"
    "@opam/jbuilder" " >= 1.0.0-beta17"
  peerDependencies:
    ocaml "*"

"@opam/dune@*":
  version "1.1.1"
  uid bc7b159a0691ca23f88cf0b793efa056
  resolved "@opam/dune@1.1.1-bc7b159a0691ca23f88cf0b793efa056.tgz"
  dependencies:
    "@esy-ocaml/esy-installer" "^0.0.0"
    "@esy-ocaml/substs" "^0.0.1"
  peerDependencies:
    ocaml " >= 4.2.3000"

"@opam/easy-format@*":
  version "1.3.1"
  uid "0c2f9b085eba4175086013e7ef48ba05"
  resolved "@opam/easy-format@1.3.1-0c2f9b085eba4175086013e7ef48ba05.tgz"
  dependencies:
    "@esy-ocaml/esy-installer" "^0.0.0"
    "@esy-ocaml/substs" "^0.0.1"
    "@opam/jbuilder" "*"
  peerDependencies:
    ocaml " >= 4.2.3000"

"@opam/jbuilder@ >= 1.0.0-beta11", "@opam/jbuilder@ >= 1.0.0-beta17", "@opam/jbuilder@ >= 1.0.0-beta7":
  version "1.0.0-beta20"
  uid "1648206284a54407f6eee01ed950fff7"
  resolved "@opam/jbuilder@1.0.0-beta20-1648206284a54407f6eee01ed950fff7.tgz"
  dependencies:
    "@esy-ocaml/esy-installer" "^0.0.0"
    "@esy-ocaml/substs" "^0.0.1"
    "@opam/ocamlfind" "*"
  peerDependencies:
    ocaml " >= 4.2.3000"

"@opam/jbuilder@*":
  version "0.0.0-transition"
  uid "1d4bc6e4e18f9d95e652cc51dc56d62a"
  resolved "@opam/jbuilder@0.0.0-transition-1d4bc6e4e18f9d95e652cc51dc56d62a.tgz"
  dependencies:
    "@esy-ocaml/esy-installer" "^0.0.0"
    "@esy-ocaml/substs" "^0.0.1"
    "@opam/dune" "*"
  peerDependencies:
    ocaml "*"

"@opam/js_of_ocaml-compiler@*":
  version "3.2.1"
  uid e94d9c54942c318458002acb7b99de03
  resolved "@opam/js_of_ocaml-compiler@3.2.1-e94d9c54942c318458002acb7b99de03.tgz"
  dependencies:
    "@esy-ocaml/esy-installer" "^0.0.0"
    "@esy-ocaml/substs" "^0.0.1"
    "@opam/cmdliner" "*"
    "@opam/cppo" " >= 1.1.0"
    "@opam/jbuilder" " >= 1.0.0-beta17"
    "@opam/ocamlfind" "*"
    "@opam/yojson" "*"
  peerDependencies:
    ocaml " >= 4.2.0"

"@opam/js_of_ocaml@*":
  version "3.2.0"
  uid "77995a93224cd482051266759c7b6f33"
  resolved "@opam/js_of_ocaml@3.2.0-77995a93224cd482051266759c7b6f33.tgz"
  dependencies:
    "@esy-ocaml/esy-installer" "^0.0.0"
    "@esy-ocaml/substs" "^0.0.1"
    "@opam/jbuilder" " >= 1.0.0-beta17"
    "@opam/js_of_ocaml-compiler" "*"
    "@opam/ocaml-migrate-parsetree" "*"
    "@opam/ppx_tools_versioned" "*"
    "@opam/uchar" "*"
  peerDependencies:
    ocaml " >= 4.2.0"

"@opam/menhir@ >= 20170418.0.0  <= 20171013.0.0":
  version "20171013.0.0"
  uid "358990f51123ce9d3629e66b9ead67ee"
  resolved "@opam/menhir@20171013.0.0-358990f51123ce9d3629e66b9ead67ee.tgz"
  dependencies:
    "@esy-ocaml/esy-installer" "^0.0.0"
    "@esy-ocaml/substs" "^0.0.1"
    "@opam/ocamlbuild" "*"
    "@opam/ocamlfind" "*"
  peerDependencies:
    ocaml " >= 4.2.0"

"@opam/ocaml-migrate-parsetree@ >= 0.5.0", "@opam/ocaml-migrate-parsetree@*":
  version "1.0.11"
  uid "4d73c258443df240cc726e7b973ab88f"
  resolved "@opam/ocaml-migrate-parsetree@1.0.11-4d73c258443df240cc726e7b973ab88f.tgz"
  dependencies:
    "@esy-ocaml/esy-installer" "^0.0.0"
    "@esy-ocaml/substs" "^0.0.1"
    "@opam/dune" "*"
    "@opam/ocamlfind" "*"
    "@opam/result" "*"
  peerDependencies:
    ocaml " >= 4.2.0"

"@opam/ocamlbuild@*":
  version "0.11.0"
  uid abecf9ccce04123ca6924849ce36399c
  resolved "@opam/ocamlbuild@0.11.0-abecf9ccce04123ca6924849ce36399c.tgz"
  dependencies:
    "@esy-ocaml/esy-installer" "^0.0.0"
    "@esy-ocaml/substs" "^0.0.1"
  peerDependencies:
    ocaml "<4.3.0"

"@opam/ocamlfind@ >= 1.5.3", "@opam/ocamlfind@ >= 1.6.1", "@opam/ocamlfind@*":
  version "1.8.0"
  uid a29b9c6ee271e1e86838435ef8a6c366
  resolved "@opam/ocamlfind@1.8.0-a29b9c6ee271e1e86838435ef8a6c366.tgz"
  dependencies:
    "@esy-ocaml/esy-installer" "^0.0.0"
    "@esy-ocaml/substs" "^0.0.1"
    "@opam/conf-m4" "*"
  peerDependencies:
    ocaml " >= 4.0.0"

"@opam/ppx_tools_versioned@*":
  version "5.2.0"
  uid c0cab6417d696279ac938353613ab732
  resolved "@opam/ppx_tools_versioned@5.2.0-c0cab6417d696279ac938353613ab732.tgz"
  dependencies:
    "@esy-ocaml/esy-installer" "^0.0.0"
    "@esy-ocaml/substs" "^0.0.1"
    "@opam/jbuilder" " >= 1.0.0-beta17"
    "@opam/ocaml-migrate-parsetree" " >= 0.5.0"
  peerDependencies:
    ocaml " >= 4.2.0"

"@opam/result@*":
  version "1.3.0"
  uid "9a01d033485a02ccc143441a46adeb53"
  resolved "@opam/result@1.3.0-9a01d033485a02ccc143441a46adeb53.tgz"
  dependencies:
    "@esy-ocaml/esy-installer" "^0.0.0"
    "@esy-ocaml/substs" "^0.0.1"
    "@opam/jbuilder" " >= 1.0.0-beta11"
  peerDependencies:
    ocaml "*"

"@opam/topkg@*":
  version "0.9.1"
  uid "516192416bf683eb7edf2dbd649d014d"
  resolved "@opam/topkg@0.9.1-516192416bf683eb7edf2dbd649d014d.tgz"
  dependencies:
    "@esy-ocaml/esy-installer" "^0.0.0"
    "@esy-ocaml/substs" "^0.0.1"
    "@opam/ocamlbuild" "*"
    "@opam/ocamlfind" " >= 1.6.1"
    "@opam/result" "*"
  peerDependencies:
    ocaml " >= 4.1.0"

"@opam/uchar@*":
  version "0.0.2"
  uid "234806fdd6b50b459a41e955c67d875d"
  resolved "@opam/uchar@0.0.2-234806fdd6b50b459a41e955c67d875d.tgz"
  dependencies:
    "@esy-ocaml/esy-installer" "^0.0.0"
    "@esy-ocaml/substs" "^0.0.1"
    "@opam/ocamlbuild" "*"
  peerDependencies:
    ocaml " >= 3.12.0"

"@opam/yojson@*":
  version "1.4.1"
  uid "1d23ddc5148ccb2ca2e11f0a854d35dd"
  resolved "@opam/yojson@1.4.1-1d23ddc5148ccb2ca2e11f0a854d35dd.tgz"
  dependencies:
    "@esy-ocaml/esy-installer" "^0.0.0"
    "@esy-ocaml/substs" "^0.0.1"
    "@opam/biniou" " >= 1.2.0"
    "@opam/cppo" "*"
    "@opam/easy-format" "*"
    "@opam/jbuilder" "*"
  peerDependencies:
    ocaml " >= 4.2.3000"

ocaml@~4.2.3004:
  version "4.2.3004"
  resolved "https://registry.yarnpkg.com/ocaml/-/ocaml-4.2.3004.tgz#4142d03d6c012949c2974c40db3a92edc7981db0"
